{
  "requires": true,
  "lockfileVersion": 1,
  "dependencies": {
    "react-axios": {
      "version": "2.0.5",
      "resolved": "https://registry.npmjs.org/react-axios/-/react-axios-2.0.5.tgz",
      "integrity": "sha512-NGbOeflZm3Ry3ObiWcK7/ynBFmX0ThjnonTg0KA1AmAYgybERrF0inL5eNJdtyHjmbLXd2y27tf4r0FyHez+QA=="
    }
  }
}
